<?xml version="1.0" encoding="utf-8"?>
<Project ToolsVersion="4.0" xmlns="http://schemas.microsoft.com/developer/msbuild/2003">
  <ItemGroup>
    <Filter Include="Source">
      <UniqueIdentifier>{c279543e-77c2-43c0-ab76-4c368a1a5436}</UniqueIdentifier>
    </Filter>
    <Filter Include="Source\Utils">
      <UniqueIdentifier>{62311302-50bc-4446-8aa8-9bb4f9dadf56}</UniqueIdentifier>
    </Filter>
    <Filter Include="Source\Utils\Boost">
      <UniqueIdentifier>{f3583301-ccbb-4ee7-bb89-533e5f2b2e6b}</UniqueIdentifier>
    </Filter>
  </ItemGroup>
  <ItemGroup>
    <ClCompile Include="Main.cpp">
      <Filter>Source</Filter>
    </ClCompile>
    <ClCompile Include="Utils\Boost\Boost_Connector.cpp">
      <Filter>Source\Utils\Boost</Filter>
    </ClCompile>
  </ItemGroup>
  <ItemGroup>
    <ClInclude Include="Utils\Boost\Boost_Connector.hpp">
      <Filter>Source\Utils\Boost</Filter>
    </ClInclude>
  </ItemGroup>
</Project>