<?xml version="1.0" encoding="utf-8"?>
<Project ToolsVersion="4.0" xmlns="http://schemas.microsoft.com/developer/msbuild/2003">
  <ItemGroup>
    <ClCompile Include="Application.cpp" />
    <ClCompile Include="Utils\Log.cpp">
      <Filter>Utils</Filter>
    </ClCompile>
    <ClCompile Include="Utils\MySQL\MySQL_Func.cpp">
      <Filter>Utils\MySQL</Filter>
    </ClCompile>
    <ClCompile Include="Command.cpp" />
    <ClCompile Include="Item.cpp" />
    <ClCompile Include="Auth.cpp" />
    <ClCompile Include="Utils\Boost\Boost_Connector.cpp">
      <Filter>Utils\Boost</Filter>
    </ClCompile>
  </ItemGroup>
  <ItemGroup>
    <Filter Include="Utils">
      <UniqueIdentifier>{d5944683-2eca-4487-a5a3-4d4e1311df4f}</UniqueIdentifier>
    </Filter>
    <Filter Include="Utils\MySQL">
      <UniqueIdentifier>{9c389968-3fb0-45ea-aa41-1bd738609fbc}</UniqueIdentifier>
    </Filter>
    <Filter Include="Utils\Boost">
      <UniqueIdentifier>{64cc787b-eeab-4348-838d-7e8aa7c231f9}</UniqueIdentifier>
    </Filter>
  </ItemGroup>
  <ItemGroup>
    <ClInclude Include="Utils\Log.hpp">
      <Filter>Utils</Filter>
    </ClInclude>
    <ClInclude Include="Utils\MySQL\MySQL_Func.h">
      <Filter>Utils\MySQL</Filter>
    </ClInclude>
    <ClInclude Include="Auth.hpp" />
    <ClInclude Include="Command.hpp" />
    <ClInclude Include="Item.hpp" />
    <ClInclude Include="Utils\Boost\Boost_Connector.hpp">
      <Filter>Utils\Boost</Filter>
    </ClInclude>
  </ItemGroup>
</Project>